
Microsoft Visual Studio Solution File, Format Version 12.00
# Visual Studio Version 17
VisualStudioVersion = 17.5.002.0
MinimumVisualStudioVersion = 10.0.40219.1
Project("{9A19103F-16F7-4668-BE54-9A1E7A4F7556}") = "finalHerramientas", "finalHerramientas.csproj", "{BD29B4F8-9AF7-4AEF-8F48-C2A6FC6CD324}"
EndProject
Global
	GlobalSection(SolutionConfigurationPlatforms) = preSolution
		Debug|Any CPU = Debug|Any CPU
		Release|Any CPU = Release|Any CPU
	EndGlobalSection
	GlobalSection(ProjectConfigurationPlatforms) = postSolution
		{BD29B4F8-9AF7-4AEF-8F48-C2A6FC6CD324}.Debug|Any CPU.ActiveCfg = Debug|Any CPU
		{BD29B4F8-9AF7-4AEF-8F48-C2A6FC6CD324}.Debug|Any CPU.Build.0 = Debug|Any CPU
		{BD29B4F8-9AF7-4AEF-8F48-C2A6FC6CD324}.Release|Any CPU.ActiveCfg = Release|Any CPU
		{BD29B4F8-9AF7-4AEF-8F48-C2A6FC6CD324}.Release|Any CPU.Build.0 = Release|Any CPU
	EndGlobalSection
	GlobalSection(SolutionProperties) = preSolution
		HideSolutionNode = FALSE
	EndGlobalSection
	GlobalSection(ExtensibilityGlobals) = postSolution
		SolutionGuid = {E5A48243-61D0-4B35-A6DF-69324693282D}
	EndGlobalSection
EndGlobal
